<?xml version="1.0" encoding="UTF-8" standalone="yes" ?>
<CodeBlocks_project_file>
	<FileVersion major="1" minor="6" />
	<Project>
		<Option title="WizardOfWor" />
		<Option pch_mode="2" />
		<Option compiler="gcc" />
		<Build>
			<Target title="Debug">
				<Option output="bin/Debug/WizardOfWor" prefix_auto="1" extension_auto="1" />
				<Option object_output="obj/Debug/" />
				<Option type="1" />
				<Option compiler="gcc" />
				<Compiler>
					<Add option="-g" />
					<Add option="`sdl2-config --cflags`" />
					<Add directory="includes" />
					<Add directory="src" />
				</Compiler>
				<Linker>
					<Add option="`sdl2-config --libs`" />
					<Add option="-lSDL2" />
					<Add option="-lSDL2_ttf" />
				</Linker>
			</Target>
			<Target title="Release">
				<Option output="bin/Release/WizardOfWor" prefix_auto="1" extension_auto="1" />
				<Option object_output="obj/Release/" />
				<Option type="1" />
				<Option compiler="gcc" />
				<Compiler>
					<Add option="-O2" />
					<Add directory="includes" />
				</Compiler>
				<Linker>
					<Add option="-s" />
				</Linker>
			</Target>
		</Build>
		<Compiler>
			<Add option="-Wall" />
			<Add option="-fexceptions" />
		</Compiler>
		<Unit filename="includes/SDL.h" />
		<Unit filename="includes/SDL_ttf.h" />
		<Unit filename="includes/avancezlib.h" />
		<Unit filename="includes/component.h" />
		<Unit filename="includes/game.h" />
		<Unit filename="includes/game_object.h" />
		<Unit filename="includes/object_pool.h" />
		<Unit filename="includes/player.h" />
		<Unit filename="includes/projectile.h" />
		<Unit filename="includes/rocket.h" />
		<Unit filename="src/avancezlib.cpp" />
		<Unit filename="src/component.cpp" />
		<Unit filename="src/game_object.cpp" />
		<Unit filename="src/main.cpp" />
		<Unit filename="src/projectile.cpp" />
		<Extensions>
			<code_completion />
			<envvars />
			<debugger />
		</Extensions>
	</Project>
</CodeBlocks_project_file>
