<?xml version="1.0" encoding="UTF-8" standalone="yes" ?>
<CodeBlocks_project_file>
	<FileVersion major="1" minor="6" />
	<Project>
		<Option title="WizardOfWor" />
		<Option pch_mode="2" />
		<Option compiler="gcc" />
		<Build>
			<Target title="Debug">
				<Option output="bin/Debug/WizardOfWor" prefix_auto="1" extension_auto="1" />
				<Option object_output="obj/Debug/" />
				<Option type="1" />
				<Option compiler="gcc" />
				<Compiler>
					<Add option="-g" />
					<Add option="`sdl2-config --cflags`" />
					<Add directory="includes" />
					<Add directory="src" />
					<Add directory="include" />
				</Compiler>
				<Linker>
					<Add option="`sdl2-config --libs`" />
					<Add option="-lSDL2" />
					<Add option="-lSDL2_ttf" />
				</Linker>
			</Target>
			<Target title="Release">
				<Option output="bin/Release/WizardOfWor" prefix_auto="1" extension_auto="1" />
				<Option object_output="obj/Release/" />
				<Option type="1" />
				<Option compiler="gcc" />
				<Compiler>
					<Add option="-O2" />
					<Add directory="includes" />
					<Add directory="include" />
				</Compiler>
				<Linker>
					<Add option="-s" />
				</Linker>
			</Target>
		</Build>
		<Compiler>
			<Add option="-Wall" />
			<Add option="-fexceptions" />
		</Compiler>
		<Unit filename="include/SDL.h" />
		<Unit filename="include/SDL_ttf.h" />
		<Unit filename="include/aicomponent.h" />
		<Unit filename="include/avancezlib.h" />
		<Unit filename="include/collidable.h" />
		<Unit filename="include/collide_component.h" />
		<Unit filename="include/component.h" />
		<Unit filename="include/constants.h" />
		<Unit filename="include/direction.h" />
		<Unit filename="include/enemy.h" />
		<Unit filename="include/game.h" />
		<Unit filename="include/game_object.h" />
		<Unit filename="include/heuristics.h" />
		<Unit filename="include/map.h" />
		<Unit filename="include/moving_component.h" />
		<Unit filename="include/moving_game_object.h" />
		<Unit filename="include/object_pool.h" />
		<Unit filename="include/player.h" />
		<Unit filename="include/projectile.h" />
		<Unit filename="include/projectile_render_component.h" />
		<Unit filename="include/rocket.h" />
		<Unit filename="include/wall.h" />
		<Unit filename="src/aicomponent.cpp" />
		<Unit filename="src/avancezlib.cpp" />
		<Unit filename="src/collide_component.cpp" />
		<Unit filename="src/component.cpp" />
		<Unit filename="src/enemy.cpp" />
		<Unit filename="src/game_object.cpp" />
		<Unit filename="src/heuristics.cpp" />
		<Unit filename="src/main.cpp" />
		<Unit filename="src/map.cpp" />
		<Unit filename="src/moving_component.cpp" />
		<Unit filename="src/moving_game_object.cpp" />
		<Unit filename="src/projectile.cpp" />
		<Unit filename="src/projectile_render_component.cpp" />
		<Unit filename="src/wall.cpp" />
		<Extensions>
			<code_completion />
			<envvars />
			<debugger />
		</Extensions>
	</Project>
</CodeBlocks_project_file>
